
Microsoft Visual Studio Solution File, Format Version 12.00
# Visual Studio Version 17
VisualStudioVersion = 17.13.35825.156 d17.13
MinimumVisualStudioVersion = 10.0.40219.1
Project("{FAE04EC0-301F-11D3-BF4B-00C04F79EFBC}") = "Application_1", "Application_1.csproj", "{11129C58-CBD5-4995-9F30-74BBE3942C10}"
EndProject
Global
	GlobalSection(SolutionConfigurationPlatforms) = preSolution
		Debug|Any CPU = Debug|Any CPU
		Release|Any CPU = Release|Any CPU
	EndGlobalSection
	GlobalSection(ProjectConfigurationPlatforms) = postSolution
		{11129C58-CBD5-4995-9F30-74BBE3942C10}.Debug|Any CPU.ActiveCfg = Debug|Any CPU
		{11129C58-CBD5-4995-9F30-74BBE3942C10}.Debug|Any CPU.Build.0 = Debug|Any CPU
		{11129C58-CBD5-4995-9F30-74BBE3942C10}.Release|Any CPU.ActiveCfg = Release|Any CPU
		{11129C58-CBD5-4995-9F30-74BBE3942C10}.Release|Any CPU.Build.0 = Release|Any CPU
	EndGlobalSection
	GlobalSection(SolutionProperties) = preSolution
		HideSolutionNode = FALSE
	EndGlobalSection
	GlobalSection(ExtensibilityGlobals) = postSolution
		SolutionGuid = {B629E554-38BA-4968-8C12-557B551B247B}
	EndGlobalSection
EndGlobal
